{
  "name": "testing-js-apps-course",
  "version": "1.0.0",
  "lockfileVersion": 2,
  "requires": true,
  "packages": {
    "": {
      "name": "testing-js-apps-course",
      "version": "1.0.0",
      "license": "ISC",
      "devDependencies": {
        "husky": "^8.0.1",
        "is-ci": "^3.0.1"
      }
    },
    "node_modules/ci-info": {
      "version": "3.3.1",
      "resolved": "https://registry.npmjs.org/ci-info/-/ci-info-3.3.1.tgz",
      "integrity": "sha512-SXgeMX9VwDe7iFFaEWkA5AstuER9YKqy4EhHqr4DVqkwmD9rpVimkMKWHdjn30Ja45txyjhSn63lVX69eVCckg==",
      "dev": true
    },
    "node_modules/husky": {
      "version": "8.0.1",
      "resolved": "https://registry.npmjs.org/husky/-/husky-8.0.1.tgz",
      "integrity": "sha512-xs7/chUH/CKdOCs7Zy0Aev9e/dKOMZf3K1Az1nar3tzlv0jfqnYtu235bstsWTmXOR0EfINrPa97yy4Lz6RiKw==",
      "dev": true,
      "bin": {
        "husky": "lib/bin.js"
      },
      "engines": {
        "node": ">=14"
      },
      "funding": {
        "url": "https://github.com/sponsors/typicode"
      }
    },
    "node_modules/is-ci": {
      "version": "3.0.1",
      "resolved": "https://registry.npmjs.org/is-ci/-/is-ci-3.0.1.tgz",
      "integrity": "sha512-ZYvCgrefwqoQ6yTyYUbQu64HsITZ3NfKX1lzaEYdkTDcfKzzCI/wthRRYKkdjHKFVgNiXKAKm65Zo1pk2as/QQ==",
      "dev": true,
      "dependencies": {
        "ci-info": "^3.2.0"
      },
      "bin": {
        "is-ci": "bin.js"
      }
    }
  },
  "dependencies": {
    "ci-info": {
      "version": "3.3.1",
      "resolved": "https://registry.npmjs.org/ci-info/-/ci-info-3.3.1.tgz",
      "integrity": "sha512-SXgeMX9VwDe7iFFaEWkA5AstuER9YKqy4EhHqr4DVqkwmD9rpVimkMKWHdjn30Ja45txyjhSn63lVX69eVCckg==",
      "dev": true
    },
    "husky": {
      "version": "8.0.1",
      "resolved": "https://registry.npmjs.org/husky/-/husky-8.0.1.tgz",
      "integrity": "sha512-xs7/chUH/CKdOCs7Zy0Aev9e/dKOMZf3K1Az1nar3tzlv0jfqnYtu235bstsWTmXOR0EfINrPa97yy4Lz6RiKw==",
      "dev": true
    },
    "is-ci": {
      "version": "3.0.1",
      "resolved": "https://registry.npmjs.org/is-ci/-/is-ci-3.0.1.tgz",
      "integrity": "sha512-ZYvCgrefwqoQ6yTyYUbQu64HsITZ3NfKX1lzaEYdkTDcfKzzCI/wthRRYKkdjHKFVgNiXKAKm65Zo1pk2as/QQ==",
      "dev": true,
      "requires": {
        "ci-info": "^3.2.0"
      }
    }
  }
}
